{
  "originHash" : "d650a67f0ad9b403220e17e526a2f1c49debe64958e8ad9bdf030b804398c35e",
  "pins" : [
    {
      "identity" : "filekit",
      "kind" : "remoteSourceControl",
      "location" : "https://github.com/nvzqz/FileKit",
      "state" : {
        "revision" : "9006d2888025fbe893c3c396327b2fe45a8c177b",
        "version" : "6.1.0"
      }
    }
  ],
  "version" : 3
}
